<?xml version="1.0" encoding="utf-8"?>
<Project ToolsVersion="4.0" xmlns="http://schemas.microsoft.com/developer/msbuild/2003">
  <ItemGroup>
    <Filter Include="Resource Files">
      <UniqueIdentifier>{D9D6E242-F8AF-46E4-B9FD-80ECBC20BA3E}</UniqueIdentifier>
      <Extensions>qrc;*</Extensions>
      <ParseFiles>false</ParseFiles>
    </Filter>
    <Filter Include="Src">
      <UniqueIdentifier>{c82836a6-f774-4c99-b917-bfe9c2505acc}</UniqueIdentifier>
    </Filter>
  </ItemGroup>
  <ItemGroup>
    <ClInclude Include="SL_Graphics.h" />
    <ClInclude Include="sl_graphics_global.h" />
    <ClInclude Include="Src\Input.h">
      <Filter>Src</Filter>
    </ClInclude>
    <ClInclude Include="Src\Window3D.h">
      <Filter>Src</Filter>
    </ClInclude>
  </ItemGroup>
  <ItemGroup>
    <ClCompile Include="SL_Graphics.cpp" />
    <ClCompile Include="Src\Input.cpp">
      <Filter>Src</Filter>
    </ClCompile>
    <ClCompile Include="Src\Window3D.cpp">
      <Filter>Src</Filter>
    </ClCompile>
  </ItemGroup>
</Project>