<?xml version="1.0" encoding="utf-8"?>
<Project ToolsVersion="4.0" xmlns="http://schemas.microsoft.com/developer/msbuild/2003">
  <ItemGroup>
    <Filter Include="Src">
      <UniqueIdentifier>{4d462947-9042-4043-b895-70402cdac9c1}</UniqueIdentifier>
    </Filter>
    <Filter Include="Src\Development">
      <UniqueIdentifier>{aaeb412e-1ec1-4dab-b101-eee8e706a474}</UniqueIdentifier>
    </Filter>
  </ItemGroup>
  <ItemGroup>
    <ClCompile Include="main.cpp" />
    <ClCompile Include="Src\GameTest.cpp">
      <Filter>Src</Filter>
    </ClCompile>
  </ItemGroup>
  <ItemGroup>
    <QtMoc Include="Src\GameTest.h">
      <Filter>Src</Filter>
    </QtMoc>
  </ItemGroup>
</Project>