<?xml version="1.0" encoding="utf-8"?>
<Project ToolsVersion="4.0" xmlns="http://schemas.microsoft.com/developer/msbuild/2003">
  <ItemGroup>
    <Filter Include="Src">
      <UniqueIdentifier>{4d462947-9042-4043-b895-70402cdac9c1}</UniqueIdentifier>
    </Filter>
    <Filter Include="Src\GraphicsDev">
      <UniqueIdentifier>{aaeb412e-1ec1-4dab-b101-eee8e706a474}</UniqueIdentifier>
    </Filter>
    <Filter Include="Src\Lighting">
      <UniqueIdentifier>{25526f63-4ff0-4dd5-910c-7908268df204}</UniqueIdentifier>
    </Filter>
    <Filter Include="Header Files">
      <UniqueIdentifier>{93995380-89BD-4b04-88EB-625FBE52EBFB}</UniqueIdentifier>
      <Extensions>h;hh;hpp;hxx;hm;inl;inc;xsd</Extensions>
      <ParseFiles>true</ParseFiles>
    </Filter>
    <Filter Include="Src\User Input">
      <UniqueIdentifier>{fcbe2840-a06e-4ee7-91a7-09e76d48c8be}</UniqueIdentifier>
    </Filter>
    <Filter Include="Src\GraphicsDev\Gui">
      <UniqueIdentifier>{25c024ad-33b6-432b-8fa0-96b066b1915a}</UniqueIdentifier>
    </Filter>
    <Filter Include="Src\GraphicsDev\Gui\FPS_Component">
      <UniqueIdentifier>{2e4180c8-7af8-4003-882c-a7c3aa3f1557}</UniqueIdentifier>
    </Filter>
    <Filter Include="Src\Trash">
      <UniqueIdentifier>{44548895-5361-4531-b330-0a6d762b4b10}</UniqueIdentifier>
    </Filter>
  </ItemGroup>
  <ItemGroup>
    <ClCompile Include="main.cpp" />
    <ClCompile Include="Src\GameTest.cpp">
      <Filter>Src</Filter>
    </ClCompile>
    <ClCompile Include="Src\GraphicsDev\Terrain.cpp">
      <Filter>Src\GraphicsDev</Filter>
    </ClCompile>
    <ClCompile Include="Src\Lighting\TheSun.cpp">
      <Filter>Src\Lighting</Filter>
    </ClCompile>
    <ClCompile Include="Src\User_Input\FollowMouse2.5D.cpp">
      <Filter>Src\User Input</Filter>
    </ClCompile>
    <ClCompile Include="Src\GraphicsDev\Gui\FPS.cpp">
      <Filter>Src\GraphicsDev\Gui</Filter>
    </ClCompile>
    <ClCompile Include="Src\GraphicsDev\Gui\FPS_Component\CustomAspect.cpp">
      <Filter>Src\GraphicsDev\Gui\FPS_Component</Filter>
    </ClCompile>
    <ClCompile Include="Src\GraphicsDev\Gui\FPS_Component\FpsMonitor.cpp">
      <Filter>Src\GraphicsDev\Gui\FPS_Component</Filter>
    </ClCompile>
    <ClCompile Include="Src\GraphicsDev\Gui\FPS_Component\FpsMonitorBackend.cpp">
      <Filter>Src\GraphicsDev\Gui\FPS_Component</Filter>
    </ClCompile>
    <ClCompile Include="Src\GraphicsDev\Gui\FPS_Component\MovingAverage.cpp">
      <Filter>Src\GraphicsDev\Gui\FPS_Component</Filter>
    </ClCompile>
    <ClCompile Include="Src\GraphicsDev\Gui\FPS_Component\UpdateFpsMonitorsJob.cpp">
      <Filter>Src\GraphicsDev\Gui\FPS_Component</Filter>
    </ClCompile>
    <ClCompile Include="..\SL_Graphics\Src\Utils\Transform3D.cpp">
      <Filter>Src\Trash</Filter>
    </ClCompile>
    <ClCompile Include="..\SL_Graphics\Src\Camera3D.cpp">
      <Filter>Src\Trash</Filter>
    </ClCompile>
    <ClCompile Include="Src\GraphicsDev\Gui\GuiLayer.cpp">
      <Filter>Src\Trash</Filter>
    </ClCompile>
    <ClCompile Include="Src\GraphicsDev\Player.cpp">
      <Filter>Src\GraphicsDev</Filter>
    </ClCompile>
    <ClCompile Include="Src\User_Input\MoveFirstPersonASWD3D.cpp">
      <Filter>Src\Trash</Filter>
    </ClCompile>
    <ClCompile Include="Src\User_Input\FollowPlayer3D.cpp">
      <Filter>Src\User Input</Filter>
    </ClCompile>
  </ItemGroup>
  <ItemGroup>
    <QtMoc Include="Src\GameTest.h">
      <Filter>Src</Filter>
    </QtMoc>
    <QtMoc Include="Src\GraphicsDev\Gui\FPS_Component\CustomAspect.h">
      <Filter>Src\GraphicsDev\Gui\FPS_Component</Filter>
    </QtMoc>
    <QtMoc Include="Src\GraphicsDev\Gui\FPS_Component\FpsMonitor.h">
      <Filter>Src\GraphicsDev\Gui\FPS_Component</Filter>
    </QtMoc>
    <QtMoc Include="Src\GraphicsDev\Player.h">
      <Filter>Src\GraphicsDev</Filter>
    </QtMoc>
  </ItemGroup>
  <ItemGroup>
    <ClInclude Include="Src\GraphicsDev\Terrain.h">
      <Filter>Src\GraphicsDev</Filter>
    </ClInclude>
    <ClInclude Include="Src\Lighting\TheSun.h">
      <Filter>Src\Lighting</Filter>
    </ClInclude>
    <ClInclude Include="Src\User_Input\FollowMouse2.5D.h">
      <Filter>Src\User Input</Filter>
    </ClInclude>
    <ClInclude Include="Src\GraphicsDev\Gui\FPS.h">
      <Filter>Src\GraphicsDev\Gui</Filter>
    </ClInclude>
    <ClInclude Include="Src\GraphicsDev\Gui\FPS_Component\FpsMonitorBackend.h">
      <Filter>Src\GraphicsDev\Gui\FPS_Component</Filter>
    </ClInclude>
    <ClInclude Include="Src\GraphicsDev\Gui\FPS_Component\MovingAverage.h">
      <Filter>Src\GraphicsDev\Gui\FPS_Component</Filter>
    </ClInclude>
    <ClInclude Include="Src\GraphicsDev\Gui\FPS_Component\UpdateFpsMonitorsJob.h">
      <Filter>Src\GraphicsDev\Gui\FPS_Component</Filter>
    </ClInclude>
    <ClInclude Include="..\SL_Graphics\Src\Utils\Transform3D.h">
      <Filter>Src\Trash</Filter>
    </ClInclude>
    <ClInclude Include="..\SL_Graphics\Src\Camera3D.h">
      <Filter>Src\Trash</Filter>
    </ClInclude>
    <ClInclude Include="Src\GraphicsDev\Gui\GuiLayer.h">
      <Filter>Src\Trash</Filter>
    </ClInclude>
    <ClInclude Include="Src\User_Input\MoveFirstPersonASWD3D.h">
      <Filter>Src\Trash</Filter>
    </ClInclude>
    <ClInclude Include="Src\User_Input\FollowPlayer3D.h">
      <Filter>Src\User Input</Filter>
    </ClInclude>
  </ItemGroup>
</Project>